// !$*UTF8*$!
{
	archiveVersion = 1;
	classes = {
	};
	objectVersion = 46;
	objects = {

/* Begin PBXBuildFile section */
		73F011CD1F32C3A300EDC602 /* Info.plist in Resources */ = {isa = PBXBuildFile; fileRef = 73F011C21F32C3A300EDC602 /* Info.plist */; };
		73F011CE1F32C3A300EDC602 /* SPGooglePlacesAutocomplete.h in Headers */ = {isa = PBXBuildFile; fileRef = 73F011C41F32C3A300EDC602 /* SPGooglePlacesAutocomplete.h */; settings = {ATTRIBUTES = (Public, ); }; };
		73F011CF1F32C3A300EDC602 /* SPGooglePlacesAutocompletePlace.h in Headers */ = {isa = PBXBuildFile; fileRef = 73F011C51F32C3A300EDC602 /* SPGooglePlacesAutocompletePlace.h */; settings = {ATTRIBUTES = (Public, ); }; };
		73F011D01F32C3A300EDC602 /* SPGooglePlacesAutocompletePlace.m in Sources */ = {isa = PBXBuildFile; fileRef = 73F011C61F32C3A300EDC602 /* SPGooglePlacesAutocompletePlace.m */; };
		73F011D11F32C3A300EDC602 /* SPGooglePlacesAutocompleteQuery.h in Headers */ = {isa = PBXBuildFile; fileRef = 73F011C71F32C3A300EDC602 /* SPGooglePlacesAutocompleteQuery.h */; settings = {ATTRIBUTES = (Public, ); }; };
		73F011D21F32C3A300EDC602 /* SPGooglePlacesAutocompleteQuery.m in Sources */ = {isa = PBXBuildFile; fileRef = 73F011C81F32C3A300EDC602 /* SPGooglePlacesAutocompleteQuery.m */; };
		73F011D31F32C3A300EDC602 /* SPGooglePlacesAutocompleteUtilities.h in Headers */ = {isa = PBXBuildFile; fileRef = 73F011C91F32C3A300EDC602 /* SPGooglePlacesAutocompleteUtilities.h */; settings = {ATTRIBUTES = (Public, ); }; };
		73F011D41F32C3A300EDC602 /* SPGooglePlacesAutocompleteUtilities.m in Sources */ = {isa = PBXBuildFile; fileRef = 73F011CA1F32C3A300EDC602 /* SPGooglePlacesAutocompleteUtilities.m */; };
		73F011D51F32C3A300EDC602 /* SPGooglePlacesPlaceDetailQuery.h in Headers */ = {isa = PBXBuildFile; fileRef = 73F011CB1F32C3A300EDC602 /* SPGooglePlacesPlaceDetailQuery.h */; settings = {ATTRIBUTES = (Public, ); }; };
		73F011D61F32C3A300EDC602 /* SPGooglePlacesPlaceDetailQuery.m in Sources */ = {isa = PBXBuildFile; fileRef = 73F011CC1F32C3A300EDC602 /* SPGooglePlacesPlaceDetailQuery.m */; };
/* End PBXBuildFile section */

/* Begin PBXFileReference section */
		73F011B71F32C2FF00EDC602 /* SPGooglePlacesAutocomplete.framework */ = {isa = PBXFileReference; explicitFileType = wrapper.framework; includeInIndex = 0; path = SPGooglePlacesAutocomplete.framework; sourceTree = BUILT_PRODUCTS_DIR; };
		73F011C21F32C3A300EDC602 /* Info.plist */ = {isa = PBXFileReference; fileEncoding = 4; lastKnownFileType = text.plist.xml; path = Info.plist; sourceTree = "<group>"; };
		73F011C41F32C3A300EDC602 /* SPGooglePlacesAutocomplete.h */ = {isa = PBXFileReference; fileEncoding = 4; lastKnownFileType = sourcecode.c.h; path = SPGooglePlacesAutocomplete.h; sourceTree = "<group>"; };
		73F011C51F32C3A300EDC602 /* SPGooglePlacesAutocompletePlace.h */ = {isa = PBXFileReference; fileEncoding = 4; lastKnownFileType = sourcecode.c.h; path = SPGooglePlacesAutocompletePlace.h; sourceTree = "<group>"; };
		73F011C61F32C3A300EDC602 /* SPGooglePlacesAutocompletePlace.m */ = {isa = PBXFileReference; fileEncoding = 4; lastKnownFileType = sourcecode.c.objc; path = SPGooglePlacesAutocompletePlace.m; sourceTree = "<group>"; };
		73F011C71F32C3A300EDC602 /* SPGooglePlacesAutocompleteQuery.h */ = {isa = PBXFileReference; fileEncoding = 4; lastKnownFileType = sourcecode.c.h; path = SPGooglePlacesAutocompleteQuery.h; sourceTree = "<group>"; };
		73F011C81F32C3A300EDC602 /* SPGooglePlacesAutocompleteQuery.m */ = {isa = PBXFileReference; fileEncoding = 4; lastKnownFileType = sourcecode.c.objc; path = SPGooglePlacesAutocompleteQuery.m; sourceTree = "<group>"; };
		73F011C91F32C3A300EDC602 /* SPGooglePlacesAutocompleteUtilities.h */ = {isa = PBXFileReference; fileEncoding = 4; lastKnownFileType = sourcecode.c.h; path = SPGooglePlacesAutocompleteUtilities.h; sourceTree = "<group>"; };
		73F011CA1F32C3A300EDC602 /* SPGooglePlacesAutocompleteUtilities.m */ = {isa = PBXFileReference; fileEncoding = 4; lastKnownFileType = sourcecode.c.objc; path = SPGooglePlacesAutocompleteUtilities.m; sourceTree = "<group>"; };
		73F011CB1F32C3A300EDC602 /* SPGooglePlacesPlaceDetailQuery.h */ = {isa = PBXFileReference; fileEncoding = 4; lastKnownFileType = sourcecode.c.h; path = SPGooglePlacesPlaceDetailQuery.h; sourceTree = "<group>"; };
		73F011CC1F32C3A300EDC602 /* SPGooglePlacesPlaceDetailQuery.m */ = {isa = PBXFileReference; fileEncoding = 4; lastKnownFileType = sourcecode.c.objc; path = SPGooglePlacesPlaceDetailQuery.m; sourceTree = "<group>"; };
/* End PBXFileReference section */

/* Begin PBXFrameworksBuildPhase section */
		73F011B31F32C2FF00EDC602 /* Frameworks */ = {
			isa = PBXFrameworksBuildPhase;
			buildActionMask = 2147483647;
			files = (
			);
			runOnlyForDeploymentPostprocessing = 0;
		};
/* End PBXFrameworksBuildPhase section */

/* Begin PBXGroup section */
		73F011AD1F32C2FF00EDC602 = {
			isa = PBXGroup;
			children = (
				73F011C21F32C3A300EDC602 /* Info.plist */,
				73F011C31F32C3A300EDC602 /* SPGooglePlacesAutocomplete */,
				73F011B81F32C2FF00EDC602 /* Products */,
			);
			sourceTree = "<group>";
		};
		73F011B81F32C2FF00EDC602 /* Products */ = {
			isa = PBXGroup;
			children = (
				73F011B71F32C2FF00EDC602 /* SPGooglePlacesAutocomplete.framework */,
			);
			name = Products;
			sourceTree = "<group>";
		};
		73F011C31F32C3A300EDC602 /* SPGooglePlacesAutocomplete */ = {
			isa = PBXGroup;
			children = (
				73F011C41F32C3A300EDC602 /* SPGooglePlacesAutocomplete.h */,
				73F011C51F32C3A300EDC602 /* SPGooglePlacesAutocompletePlace.h */,
				73F011C61F32C3A300EDC602 /* SPGooglePlacesAutocompletePlace.m */,
				73F011C71F32C3A300EDC602 /* SPGooglePlacesAutocompleteQuery.h */,
				73F011C81F32C3A300EDC602 /* SPGooglePlacesAutocompleteQuery.m */,
				73F011C91F32C3A300EDC602 /* SPGooglePlacesAutocompleteUtilities.h */,
				73F011CA1F32C3A300EDC602 /* SPGooglePlacesAutocompleteUtilities.m */,
				73F011CB1F32C3A300EDC602 /* SPGooglePlacesPlaceDetailQuery.h */,
				73F011CC1F32C3A300EDC602 /* SPGooglePlacesPlaceDetailQuery.m */,
			);
			path = SPGooglePlacesAutocomplete;
			sourceTree = "<group>";
		};
/* End PBXGroup section */

/* Begin PBXHeadersBuildPhase section */
		73F011B41F32C2FF00EDC602 /* Headers */ = {
			isa = PBXHeadersBuildPhase;
			buildActionMask = 2147483647;
			files = (
				73F011CE1F32C3A300EDC602 /* SPGooglePlacesAutocomplete.h in Headers */,
				73F011D11F32C3A300EDC602 /* SPGooglePlacesAutocompleteQuery.h in Headers */,
				73F011D31F32C3A300EDC602 /* SPGooglePlacesAutocompleteUtilities.h in Headers */,
				73F011D51F32C3A300EDC602 /* SPGooglePlacesPlaceDetailQuery.h in Headers */,
				73F011CF1F32C3A300EDC602 /* SPGooglePlacesAutocompletePlace.h in Headers */,
			);
			runOnlyForDeploymentPostprocessing = 0;
		};
/* End PBXHeadersBuildPhase section */

/* Begin PBXNativeTarget section */
		73F011B61F32C2FF00EDC602 /* SPGooglePlacesAutocomplete */ = {
			isa = PBXNativeTarget;
			buildConfigurationList = 73F011BF1F32C2FF00EDC602 /* Build configuration list for PBXNativeTarget "SPGooglePlacesAutocomplete" */;
			buildPhases = (
				73F011B21F32C2FF00EDC602 /* Sources */,
				73F011B31F32C2FF00EDC602 /* Frameworks */,
				73F011B41F32C2FF00EDC602 /* Headers */,
				73F011B51F32C2FF00EDC602 /* Resources */,
			);
			buildRules = (
			);
			dependencies = (
			);
			name = SPGooglePlacesAutocomplete;
			productName = SPGooglePlacesAutocomplete;
			productReference = 73F011B71F32C2FF00EDC602 /* SPGooglePlacesAutocomplete.framework */;
			productType = "com.apple.product-type.framework";
		};
/* End PBXNativeTarget section */

/* Begin PBXProject section */
		73F011AE1F32C2FF00EDC602 /* Project object */ = {
			isa = PBXProject;
			attributes = {
				LastUpgradeCheck = 0830;
				ORGANIZATIONNAME = lswith;
				TargetAttributes = {
					73F011B61F32C2FF00EDC602 = {
						CreatedOnToolsVersion = 8.3.3;
						ProvisioningStyle = Automatic;
					};
				};
			};
			buildConfigurationList = 73F011B11F32C2FF00EDC602 /* Build configuration list for PBXProject "SPGooglePlacesAutocomplete" */;
			compatibilityVersion = "Xcode 3.2";
			developmentRegion = English;
			hasScannedForEncodings = 0;
			knownRegions = (
				en,
			);
			mainGroup = 73F011AD1F32C2FF00EDC602;
			productRefGroup = 73F011B81F32C2FF00EDC602 /* Products */;
			projectDirPath = "";
			projectRoot = "";
			targets = (
				73F011B61F32C2FF00EDC602 /* SPGooglePlacesAutocomplete */,
			);
		};
/* End PBXProject section */

/* Begin PBXResourcesBuildPhase section */
		73F011B51F32C2FF00EDC602 /* Resources */ = {
			isa = PBXResourcesBuildPhase;
			buildActionMask = 2147483647;
			files = (
				73F011CD1F32C3A300EDC602 /* Info.plist in Resources */,
			);
			runOnlyForDeploymentPostprocessing = 0;
		};
/* End PBXResourcesBuildPhase section */

/* Begin PBXSourcesBuildPhase section */
		73F011B21F32C2FF00EDC602 /* Sources */ = {
			isa = PBXSourcesBuildPhase;
			buildActionMask = 2147483647;
			files = (
				73F011D21F32C3A300EDC602 /* SPGooglePlacesAutocompleteQuery.m in Sources */,
				73F011D01F32C3A300EDC602 /* SPGooglePlacesAutocompletePlace.m in Sources */,
				73F011D61F32C3A300EDC602 /* SPGooglePlacesPlaceDetailQuery.m in Sources */,
				73F011D41F32C3A300EDC602 /* SPGooglePlacesAutocompleteUtilities.m in Sources */,
			);
			runOnlyForDeploymentPostprocessing = 0;
		};
/* End PBXSourcesBuildPhase section */

/* Begin XCBuildConfiguration section */
		73F011BD1F32C2FF00EDC602 /* Debug */ = {
			isa = XCBuildConfiguration;
			buildSettings = {
				ALWAYS_SEARCH_USER_PATHS = NO;
				CLANG_ANALYZER_NONNULL = YES;
				CLANG_ANALYZER_NUMBER_OBJECT_CONVERSION = YES_AGGRESSIVE;
				CLANG_CXX_LANGUAGE_STANDARD = "gnu++0x";
				CLANG_CXX_LIBRARY = "libc++";
				CLANG_ENABLE_MODULES = YES;
				CLANG_ENABLE_OBJC_ARC = YES;
				CLANG_WARN_BOOL_CONVERSION = YES;
				CLANG_WARN_CONSTANT_CONVERSION = YES;
				CLANG_WARN_DIRECT_OBJC_ISA_USAGE = YES_ERROR;
				CLANG_WARN_DOCUMENTATION_COMMENTS = YES;
				CLANG_WARN_EMPTY_BODY = YES;
				CLANG_WARN_ENUM_CONVERSION = YES;
				CLANG_WARN_INFINITE_RECURSION = YES;
				CLANG_WARN_INT_CONVERSION = YES;
				CLANG_WARN_OBJC_ROOT_CLASS = YES_ERROR;
				CLANG_WARN_SUSPICIOUS_MOVE = YES;
				CLANG_WARN_UNREACHABLE_CODE = YES;
				CLANG_WARN__DUPLICATE_METHOD_MATCH = YES;
				"CODE_SIGN_IDENTITY[sdk=iphoneos*]" = "iPhone Developer";
				COPY_PHASE_STRIP = NO;
				CURRENT_PROJECT_VERSION = 1;
				DEBUG_INFORMATION_FORMAT = dwarf;
				ENABLE_STRICT_OBJC_MSGSEND = YES;
				ENABLE_TESTABILITY = YES;
				GCC_C_LANGUAGE_STANDARD = gnu99;
				GCC_DYNAMIC_NO_PIC = NO;
				GCC_NO_COMMON_BLOCKS = YES;
				GCC_OPTIMIZATION_LEVEL = 0;
				GCC_PREPROCESSOR_DEFINITIONS = (
					"DEBUG=1",
					"$(inherited)",
				);
				GCC_WARN_64_TO_32_BIT_CONVERSION = YES;
				GCC_WARN_ABOUT_RETURN_TYPE = YES_ERROR;
				GCC_WARN_UNDECLARED_SELECTOR = YES;
				GCC_WARN_UNINITIALIZED_AUTOS = YES_AGGRESSIVE;
				GCC_WARN_UNUSED_FUNCTION = YES;
				GCC_WARN_UNUSED_VARIABLE = YES;
				IPHONEOS_DEPLOYMENT_TARGET = 10.3;
				MTL_ENABLE_DEBUG_INFO = YES;
				ONLY_ACTIVE_ARCH = YES;
				SDKROOT = iphoneos;
				SWIFT_ACTIVE_COMPILATION_CONDITIONS = DEBUG;
				SWIFT_OPTIMIZATION_LEVEL = "-Onone";
				TARGETED_DEVICE_FAMILY = "1,2";
				VERSIONING_SYSTEM = "apple-generic";
				VERSION_INFO_PREFIX = "";
			};
			name = Debug;
		};
		73F011BE1F32C2FF00EDC602 /* Release */ = {
			isa = XCBuildConfiguration;
			buildSettings = {
				ALWAYS_SEARCH_USER_PATHS = NO;
				CLANG_ANALYZER_NONNULL = YES;
				CLANG_ANALYZER_NUMBER_OBJECT_CONVERSION = YES_AGGRESSIVE;
				CLANG_CXX_LANGUAGE_STANDARD = "gnu++0x";
				CLANG_CXX_LIBRARY = "libc++";
				CLANG_ENABLE_MODULES = YES;
				CLANG_ENABLE_OBJC_ARC = YES;
				CLANG_WARN_BOOL_CONVERSION = YES;
				CLANG_WARN_CONSTANT_CONVERSION = YES;
				CLANG_WARN_DIRECT_OBJC_ISA_USAGE = YES_ERROR;
				CLANG_WARN_DOCUMENTATION_COMMENTS = YES;
				CLANG_WARN_EMPTY_BODY = YES;
				CLANG_WARN_ENUM_CONVERSION = YES;
				CLANG_WARN_INFINITE_RECURSION = YES;
				CLANG_WARN_INT_CONVERSION = YES;
				CLANG_WARN_OBJC_ROOT_CLASS = YES_ERROR;
				CLANG_WARN_SUSPICIOUS_MOVE = YES;
				CLANG_WARN_UNREACHABLE_CODE = YES;
				CLANG_WARN__DUPLICATE_METHOD_MATCH = YES;
				"CODE_SIGN_IDENTITY[sdk=iphoneos*]" = "iPhone Developer";
				COPY_PHASE_STRIP = NO;
				CURRENT_PROJECT_VERSION = 1;
				DEBUG_INFORMATION_FORMAT = "dwarf-with-dsym";
				ENABLE_NS_ASSERTIONS = NO;
				ENABLE_STRICT_OBJC_MSGSEND = YES;
				GCC_C_LANGUAGE_STANDARD = gnu99;
				GCC_NO_COMMON_BLOCKS = YES;
				GCC_WARN_64_TO_32_BIT_CONVERSION = YES;
				GCC_WARN_ABOUT_RETURN_TYPE = YES_ERROR;
				GCC_WARN_UNDECLARED_SELECTOR = YES;
				GCC_WARN_UNINITIALIZED_AUTOS = YES_AGGRESSIVE;
				GCC_WARN_UNUSED_FUNCTION = YES;
				GCC_WARN_UNUSED_VARIABLE = YES;
				IPHONEOS_DEPLOYMENT_TARGET = 10.3;
				MTL_ENABLE_DEBUG_INFO = NO;
				SDKROOT = iphoneos;
				SWIFT_OPTIMIZATION_LEVEL = "-Owholemodule";
				TARGETED_DEVICE_FAMILY = "1,2";
				VALIDATE_PRODUCT = YES;
				VERSIONING_SYSTEM = "apple-generic";
				VERSION_INFO_PREFIX = "";
			};
			name = Release;
		};
		73F011C01F32C2FF00EDC602 /* Debug */ = {
			isa = XCBuildConfiguration;
			buildSettings = {
				CODE_SIGN_IDENTITY = "";
				DEFINES_MODULE = YES;
				DYLIB_COMPATIBILITY_VERSION = 1;
				DYLIB_CURRENT_VERSION = 1;
				DYLIB_INSTALL_NAME_BASE = "@rpath";
				INFOPLIST_FILE = "$(SRCROOT)/Info.plist";
				INSTALL_PATH = "$(LOCAL_LIBRARY_DIR)/Frameworks";
				IPHONEOS_DEPLOYMENT_TARGET = 8.0;
				LD_RUNPATH_SEARCH_PATHS = "$(inherited) @executable_path/Frameworks @loader_path/Frameworks";
				PRODUCT_BUNDLE_IDENTIFIER = com.lswith.SPGooglePlacesAutocomplete;
				PRODUCT_NAME = "$(TARGET_NAME)";
				SKIP_INSTALL = YES;
				SWIFT_VERSION = 3.0;
			};
			name = Debug;
		};
		73F011C11F32C2FF00EDC602 /* Release */ = {
			isa = XCBuildConfiguration;
			buildSettings = {
				CODE_SIGN_IDENTITY = "";
				DEFINES_MODULE = YES;
				DYLIB_COMPATIBILITY_VERSION = 1;
				DYLIB_CURRENT_VERSION = 1;
				DYLIB_INSTALL_NAME_BASE = "@rpath";
				INFOPLIST_FILE = "$(SRCROOT)/Info.plist";
				INSTALL_PATH = "$(LOCAL_LIBRARY_DIR)/Frameworks";
				IPHONEOS_DEPLOYMENT_TARGET = 8.0;
				LD_RUNPATH_SEARCH_PATHS = "$(inherited) @executable_path/Frameworks @loader_path/Frameworks";
				PRODUCT_BUNDLE_IDENTIFIER = com.lswith.SPGooglePlacesAutocomplete;
				PRODUCT_NAME = "$(TARGET_NAME)";
				SKIP_INSTALL = YES;
				SWIFT_VERSION = 3.0;
			};
			name = Release;
		};
/* End XCBuildConfiguration section */

/* Begin XCConfigurationList section */
		73F011B11F32C2FF00EDC602 /* Build configuration list for PBXProject "SPGooglePlacesAutocomplete" */ = {
			isa = XCConfigurationList;
			buildConfigurations = (
				73F011BD1F32C2FF00EDC602 /* Debug */,
				73F011BE1F32C2FF00EDC602 /* Release */,
			);
			defaultConfigurationIsVisible = 0;
			defaultConfigurationName = Release;
		};
		73F011BF1F32C2FF00EDC602 /* Build configuration list for PBXNativeTarget "SPGooglePlacesAutocomplete" */ = {
			isa = XCConfigurationList;
			buildConfigurations = (
				73F011C01F32C2FF00EDC602 /* Debug */,
				73F011C11F32C2FF00EDC602 /* Release */,
			);
			defaultConfigurationIsVisible = 0;
			defaultConfigurationName = Release;
		};
/* End XCConfigurationList section */
	};
	rootObject = 73F011AE1F32C2FF00EDC602 /* Project object */;
}
